
Microsoft Visual Studio Solution File, Format Version 12.00
# Visual Studio Version 17
VisualStudioVersion = 17.0.31903.59
MinimumVisualStudioVersion = 10.0.40219.1
Project("{2150E333-8FDC-42A3-9474-1A3956D46DE8}") = "src", "src", "{827E0CD3-B72D-47B6-A68D-7590B98EB39B}"
EndProject
Project("{FAE04EC0-301F-11D3-BF4B-00C04F79EFBC}") = "AppHost", "src\AppHost\AppHost.csproj", "{F2039A6C-A7BF-4942-94D3-1E1E3F944CD8}"
EndProject
Project("{2150E333-8FDC-42A3-9474-1A3956D46DE8}") = "Modules", "Modules", "{EC447DCF-ABFA-6E24-52A5-D7FD48A5C558}"
EndProject
Project("{FAE04EC0-301F-11D3-BF4B-00C04F79EFBC}") = "Identity", "src\Modules\Identity\Identity.csproj", "{1355627B-58A7-4B5E-AD3D-D8B01ADDDDD1}"
EndProject
Project("{FAE04EC0-301F-11D3-BF4B-00C04F79EFBC}") = "Wallet", "src\Modules\Wallet\Wallet.csproj", "{AC034480-1556-4C3C-B358-65C80A310DDA}"
EndProject
Project("{FAE04EC0-301F-11D3-BF4B-00C04F79EFBC}") = "Catalog", "src\Modules\Catalog\Catalog.csproj", "{29F40716-E710-4B2F-81A5-9CFA1FAA1E26}"
EndProject
Project("{FAE04EC0-301F-11D3-BF4B-00C04F79EFBC}") = "Prediction", "src\Modules\Prediction\Prediction.csproj", "{DE83B6FB-2C3D-4694-9F0F-24EA88452750}"
EndProject
Project("{FAE04EC0-301F-11D3-BF4B-00C04F79EFBC}") = "Settlement", "src\Modules\Settlement\Settlement.csproj", "{AEEFF61D-E15A-4696-BC69-CCD569E83036}"
EndProject
Project("{FAE04EC0-301F-11D3-BF4B-00C04F79EFBC}") = "Gamification", "src\Modules\Gamification\Gamification.csproj", "{4C597D2A-FDDD-4633-90A9-7BAB30E75032}"
EndProject
Project("{FAE04EC0-301F-11D3-BF4B-00C04F79EFBC}") = "Shared", "src\Shared\Shared.csproj", "{1F8B9D08-3EA7-4AAC-977C-E68DEAEB501F}"
EndProject
Project("{2150E333-8FDC-42A3-9474-1A3956D46DE8}") = "tests", "tests", "{0AB3BF05-4346-4AA6-1389-037BE0695223}"
EndProject
Project("{2150E333-8FDC-42A3-9474-1A3956D46DE8}") = "Unit", "Unit", "{9D556B49-86D1-93A7-9596-FFAAB74EC556}"
EndProject
Project("{FAE04EC0-301F-11D3-BF4B-00C04F79EFBC}") = "UnitTests", "tests\Unit\UnitTests.csproj", "{F871D696-7A8F-40D4-A50D-6A331673A882}"
EndProject
Project("{2150E333-8FDC-42A3-9474-1A3956D46DE8}") = "Integration", "Integration", "{28A6993C-471E-82FE-7D9E-AD3B1EC22BD9}"
EndProject
Project("{FAE04EC0-301F-11D3-BF4B-00C04F79EFBC}") = "IntegrationTests", "tests\Integration\IntegrationTests.csproj", "{32DB861F-C470-45F4-B7B7-2ABA5AB2157E}"
EndProject
Project("{2150E333-8FDC-42A3-9474-1A3956D46DE8}") = "Infra", "Infra", "{8EC462FD-D22E-90A8-E5CE-7E832BA40C5D}"
	ProjectSection(SolutionItems) = preProject
		docker-compose.yml = docker-compose.yml
	EndProjectSection
EndProject
Global
	GlobalSection(SolutionConfigurationPlatforms) = preSolution
		Debug|Any CPU = Debug|Any CPU
		Debug|x64 = Debug|x64
		Debug|x86 = Debug|x86
		Release|Any CPU = Release|Any CPU
		Release|x64 = Release|x64
		Release|x86 = Release|x86
	EndGlobalSection
	GlobalSection(ProjectConfigurationPlatforms) = postSolution
		{F2039A6C-A7BF-4942-94D3-1E1E3F944CD8}.Debug|Any CPU.ActiveCfg = Debug|Any CPU
		{F2039A6C-A7BF-4942-94D3-1E1E3F944CD8}.Debug|Any CPU.Build.0 = Debug|Any CPU
		{F2039A6C-A7BF-4942-94D3-1E1E3F944CD8}.Debug|x64.ActiveCfg = Debug|Any CPU
		{F2039A6C-A7BF-4942-94D3-1E1E3F944CD8}.Debug|x64.Build.0 = Debug|Any CPU
		{F2039A6C-A7BF-4942-94D3-1E1E3F944CD8}.Debug|x86.ActiveCfg = Debug|Any CPU
		{F2039A6C-A7BF-4942-94D3-1E1E3F944CD8}.Debug|x86.Build.0 = Debug|Any CPU
		{F2039A6C-A7BF-4942-94D3-1E1E3F944CD8}.Release|Any CPU.ActiveCfg = Release|Any CPU
		{F2039A6C-A7BF-4942-94D3-1E1E3F944CD8}.Release|Any CPU.Build.0 = Release|Any CPU
		{F2039A6C-A7BF-4942-94D3-1E1E3F944CD8}.Release|x64.ActiveCfg = Release|Any CPU
		{F2039A6C-A7BF-4942-94D3-1E1E3F944CD8}.Release|x64.Build.0 = Release|Any CPU
		{F2039A6C-A7BF-4942-94D3-1E1E3F944CD8}.Release|x86.ActiveCfg = Release|Any CPU
		{F2039A6C-A7BF-4942-94D3-1E1E3F944CD8}.Release|x86.Build.0 = Release|Any CPU
		{1355627B-58A7-4B5E-AD3D-D8B01ADDDDD1}.Debug|Any CPU.ActiveCfg = Debug|Any CPU
		{1355627B-58A7-4B5E-AD3D-D8B01ADDDDD1}.Debug|Any CPU.Build.0 = Debug|Any CPU
		{1355627B-58A7-4B5E-AD3D-D8B01ADDDDD1}.Debug|x64.ActiveCfg = Debug|Any CPU
		{1355627B-58A7-4B5E-AD3D-D8B01ADDDDD1}.Debug|x64.Build.0 = Debug|Any CPU
		{1355627B-58A7-4B5E-AD3D-D8B01ADDDDD1}.Debug|x86.ActiveCfg = Debug|Any CPU
		{1355627B-58A7-4B5E-AD3D-D8B01ADDDDD1}.Debug|x86.Build.0 = Debug|Any CPU
		{1355627B-58A7-4B5E-AD3D-D8B01ADDDDD1}.Release|Any CPU.ActiveCfg = Release|Any CPU
		{1355627B-58A7-4B5E-AD3D-D8B01ADDDDD1}.Release|Any CPU.Build.0 = Release|Any CPU
		{1355627B-58A7-4B5E-AD3D-D8B01ADDDDD1}.Release|x64.ActiveCfg = Release|Any CPU
		{1355627B-58A7-4B5E-AD3D-D8B01ADDDDD1}.Release|x64.Build.0 = Release|Any CPU
		{1355627B-58A7-4B5E-AD3D-D8B01ADDDDD1}.Release|x86.ActiveCfg = Release|Any CPU
		{1355627B-58A7-4B5E-AD3D-D8B01ADDDDD1}.Release|x86.Build.0 = Release|Any CPU
		{AC034480-1556-4C3C-B358-65C80A310DDA}.Debug|Any CPU.ActiveCfg = Debug|Any CPU
		{AC034480-1556-4C3C-B358-65C80A310DDA}.Debug|Any CPU.Build.0 = Debug|Any CPU
		{AC034480-1556-4C3C-B358-65C80A310DDA}.Debug|x64.ActiveCfg = Debug|Any CPU
		{AC034480-1556-4C3C-B358-65C80A310DDA}.Debug|x64.Build.0 = Debug|Any CPU
		{AC034480-1556-4C3C-B358-65C80A310DDA}.Debug|x86.ActiveCfg = Debug|Any CPU
		{AC034480-1556-4C3C-B358-65C80A310DDA}.Debug|x86.Build.0 = Debug|Any CPU
		{AC034480-1556-4C3C-B358-65C80A310DDA}.Release|Any CPU.ActiveCfg = Release|Any CPU
		{AC034480-1556-4C3C-B358-65C80A310DDA}.Release|Any CPU.Build.0 = Release|Any CPU
		{AC034480-1556-4C3C-B358-65C80A310DDA}.Release|x64.ActiveCfg = Release|Any CPU
		{AC034480-1556-4C3C-B358-65C80A310DDA}.Release|x64.Build.0 = Release|Any CPU
		{AC034480-1556-4C3C-B358-65C80A310DDA}.Release|x86.ActiveCfg = Release|Any CPU
		{AC034480-1556-4C3C-B358-65C80A310DDA}.Release|x86.Build.0 = Release|Any CPU
		{29F40716-E710-4B2F-81A5-9CFA1FAA1E26}.Debug|Any CPU.ActiveCfg = Debug|Any CPU
		{29F40716-E710-4B2F-81A5-9CFA1FAA1E26}.Debug|Any CPU.Build.0 = Debug|Any CPU
		{29F40716-E710-4B2F-81A5-9CFA1FAA1E26}.Debug|x64.ActiveCfg = Debug|Any CPU
		{29F40716-E710-4B2F-81A5-9CFA1FAA1E26}.Debug|x64.Build.0 = Debug|Any CPU
		{29F40716-E710-4B2F-81A5-9CFA1FAA1E26}.Debug|x86.ActiveCfg = Debug|Any CPU
		{29F40716-E710-4B2F-81A5-9CFA1FAA1E26}.Debug|x86.Build.0 = Debug|Any CPU
		{29F40716-E710-4B2F-81A5-9CFA1FAA1E26}.Release|Any CPU.ActiveCfg = Release|Any CPU
		{29F40716-E710-4B2F-81A5-9CFA1FAA1E26}.Release|Any CPU.Build.0 = Release|Any CPU
		{29F40716-E710-4B2F-81A5-9CFA1FAA1E26}.Release|x64.ActiveCfg = Release|Any CPU
		{29F40716-E710-4B2F-81A5-9CFA1FAA1E26}.Release|x64.Build.0 = Release|Any CPU
		{29F40716-E710-4B2F-81A5-9CFA1FAA1E26}.Release|x86.ActiveCfg = Release|Any CPU
		{29F40716-E710-4B2F-81A5-9CFA1FAA1E26}.Release|x86.Build.0 = Release|Any CPU
		{DE83B6FB-2C3D-4694-9F0F-24EA88452750}.Debug|Any CPU.ActiveCfg = Debug|Any CPU
		{DE83B6FB-2C3D-4694-9F0F-24EA88452750}.Debug|Any CPU.Build.0 = Debug|Any CPU
		{DE83B6FB-2C3D-4694-9F0F-24EA88452750}.Debug|x64.ActiveCfg = Debug|Any CPU
		{DE83B6FB-2C3D-4694-9F0F-24EA88452750}.Debug|x64.Build.0 = Debug|Any CPU
		{DE83B6FB-2C3D-4694-9F0F-24EA88452750}.Debug|x86.ActiveCfg = Debug|Any CPU
		{DE83B6FB-2C3D-4694-9F0F-24EA88452750}.Debug|x86.Build.0 = Debug|Any CPU
		{DE83B6FB-2C3D-4694-9F0F-24EA88452750}.Release|Any CPU.ActiveCfg = Release|Any CPU
		{DE83B6FB-2C3D-4694-9F0F-24EA88452750}.Release|Any CPU.Build.0 = Release|Any CPU
		{DE83B6FB-2C3D-4694-9F0F-24EA88452750}.Release|x64.ActiveCfg = Release|Any CPU
		{DE83B6FB-2C3D-4694-9F0F-24EA88452750}.Release|x64.Build.0 = Release|Any CPU
		{DE83B6FB-2C3D-4694-9F0F-24EA88452750}.Release|x86.ActiveCfg = Release|Any CPU
		{DE83B6FB-2C3D-4694-9F0F-24EA88452750}.Release|x86.Build.0 = Release|Any CPU
		{AEEFF61D-E15A-4696-BC69-CCD569E83036}.Debug|Any CPU.ActiveCfg = Debug|Any CPU
		{AEEFF61D-E15A-4696-BC69-CCD569E83036}.Debug|Any CPU.Build.0 = Debug|Any CPU
		{AEEFF61D-E15A-4696-BC69-CCD569E83036}.Debug|x64.ActiveCfg = Debug|Any CPU
		{AEEFF61D-E15A-4696-BC69-CCD569E83036}.Debug|x64.Build.0 = Debug|Any CPU
		{AEEFF61D-E15A-4696-BC69-CCD569E83036}.Debug|x86.ActiveCfg = Debug|Any CPU
		{AEEFF61D-E15A-4696-BC69-CCD569E83036}.Debug|x86.Build.0 = Debug|Any CPU
		{AEEFF61D-E15A-4696-BC69-CCD569E83036}.Release|Any CPU.ActiveCfg = Release|Any CPU
		{AEEFF61D-E15A-4696-BC69-CCD569E83036}.Release|Any CPU.Build.0 = Release|Any CPU
		{AEEFF61D-E15A-4696-BC69-CCD569E83036}.Release|x64.ActiveCfg = Release|Any CPU
		{AEEFF61D-E15A-4696-BC69-CCD569E83036}.Release|x64.Build.0 = Release|Any CPU
		{AEEFF61D-E15A-4696-BC69-CCD569E83036}.Release|x86.ActiveCfg = Release|Any CPU
		{AEEFF61D-E15A-4696-BC69-CCD569E83036}.Release|x86.Build.0 = Release|Any CPU
		{4C597D2A-FDDD-4633-90A9-7BAB30E75032}.Debug|Any CPU.ActiveCfg = Debug|Any CPU
		{4C597D2A-FDDD-4633-90A9-7BAB30E75032}.Debug|Any CPU.Build.0 = Debug|Any CPU
		{4C597D2A-FDDD-4633-90A9-7BAB30E75032}.Debug|x64.ActiveCfg = Debug|Any CPU
		{4C597D2A-FDDD-4633-90A9-7BAB30E75032}.Debug|x64.Build.0 = Debug|Any CPU
		{4C597D2A-FDDD-4633-90A9-7BAB30E75032}.Debug|x86.ActiveCfg = Debug|Any CPU
		{4C597D2A-FDDD-4633-90A9-7BAB30E75032}.Debug|x86.Build.0 = Debug|Any CPU
		{4C597D2A-FDDD-4633-90A9-7BAB30E75032}.Release|Any CPU.ActiveCfg = Release|Any CPU
		{4C597D2A-FDDD-4633-90A9-7BAB30E75032}.Release|Any CPU.Build.0 = Release|Any CPU
		{4C597D2A-FDDD-4633-90A9-7BAB30E75032}.Release|x64.ActiveCfg = Release|Any CPU
		{4C597D2A-FDDD-4633-90A9-7BAB30E75032}.Release|x64.Build.0 = Release|Any CPU
		{4C597D2A-FDDD-4633-90A9-7BAB30E75032}.Release|x86.ActiveCfg = Release|Any CPU
		{4C597D2A-FDDD-4633-90A9-7BAB30E75032}.Release|x86.Build.0 = Release|Any CPU
		{1F8B9D08-3EA7-4AAC-977C-E68DEAEB501F}.Debug|Any CPU.ActiveCfg = Debug|Any CPU
		{1F8B9D08-3EA7-4AAC-977C-E68DEAEB501F}.Debug|Any CPU.Build.0 = Debug|Any CPU
		{1F8B9D08-3EA7-4AAC-977C-E68DEAEB501F}.Debug|x64.ActiveCfg = Debug|Any CPU
		{1F8B9D08-3EA7-4AAC-977C-E68DEAEB501F}.Debug|x64.Build.0 = Debug|Any CPU
		{1F8B9D08-3EA7-4AAC-977C-E68DEAEB501F}.Debug|x86.ActiveCfg = Debug|Any CPU
		{1F8B9D08-3EA7-4AAC-977C-E68DEAEB501F}.Debug|x86.Build.0 = Debug|Any CPU
		{1F8B9D08-3EA7-4AAC-977C-E68DEAEB501F}.Release|Any CPU.ActiveCfg = Release|Any CPU
		{1F8B9D08-3EA7-4AAC-977C-E68DEAEB501F}.Release|Any CPU.Build.0 = Release|Any CPU
		{1F8B9D08-3EA7-4AAC-977C-E68DEAEB501F}.Release|x64.ActiveCfg = Release|Any CPU
		{1F8B9D08-3EA7-4AAC-977C-E68DEAEB501F}.Release|x64.Build.0 = Release|Any CPU
		{1F8B9D08-3EA7-4AAC-977C-E68DEAEB501F}.Release|x86.ActiveCfg = Release|Any CPU
		{1F8B9D08-3EA7-4AAC-977C-E68DEAEB501F}.Release|x86.Build.0 = Release|Any CPU
		{F871D696-7A8F-40D4-A50D-6A331673A882}.Debug|Any CPU.ActiveCfg = Debug|Any CPU
		{F871D696-7A8F-40D4-A50D-6A331673A882}.Debug|Any CPU.Build.0 = Debug|Any CPU
		{F871D696-7A8F-40D4-A50D-6A331673A882}.Debug|x64.ActiveCfg = Debug|Any CPU
		{F871D696-7A8F-40D4-A50D-6A331673A882}.Debug|x64.Build.0 = Debug|Any CPU
		{F871D696-7A8F-40D4-A50D-6A331673A882}.Debug|x86.ActiveCfg = Debug|Any CPU
		{F871D696-7A8F-40D4-A50D-6A331673A882}.Debug|x86.Build.0 = Debug|Any CPU
		{F871D696-7A8F-40D4-A50D-6A331673A882}.Release|Any CPU.ActiveCfg = Release|Any CPU
		{F871D696-7A8F-40D4-A50D-6A331673A882}.Release|Any CPU.Build.0 = Release|Any CPU
		{F871D696-7A8F-40D4-A50D-6A331673A882}.Release|x64.ActiveCfg = Release|Any CPU
		{F871D696-7A8F-40D4-A50D-6A331673A882}.Release|x64.Build.0 = Release|Any CPU
		{F871D696-7A8F-40D4-A50D-6A331673A882}.Release|x86.ActiveCfg = Release|Any CPU
		{F871D696-7A8F-40D4-A50D-6A331673A882}.Release|x86.Build.0 = Release|Any CPU
		{32DB861F-C470-45F4-B7B7-2ABA5AB2157E}.Debug|Any CPU.ActiveCfg = Debug|Any CPU
		{32DB861F-C470-45F4-B7B7-2ABA5AB2157E}.Debug|Any CPU.Build.0 = Debug|Any CPU
		{32DB861F-C470-45F4-B7B7-2ABA5AB2157E}.Debug|x64.ActiveCfg = Debug|Any CPU
		{32DB861F-C470-45F4-B7B7-2ABA5AB2157E}.Debug|x64.Build.0 = Debug|Any CPU
		{32DB861F-C470-45F4-B7B7-2ABA5AB2157E}.Debug|x86.ActiveCfg = Debug|Any CPU
		{32DB861F-C470-45F4-B7B7-2ABA5AB2157E}.Debug|x86.Build.0 = Debug|Any CPU
		{32DB861F-C470-45F4-B7B7-2ABA5AB2157E}.Release|Any CPU.ActiveCfg = Release|Any CPU
		{32DB861F-C470-45F4-B7B7-2ABA5AB2157E}.Release|Any CPU.Build.0 = Release|Any CPU
		{32DB861F-C470-45F4-B7B7-2ABA5AB2157E}.Release|x64.ActiveCfg = Release|Any CPU
		{32DB861F-C470-45F4-B7B7-2ABA5AB2157E}.Release|x64.Build.0 = Release|Any CPU
		{32DB861F-C470-45F4-B7B7-2ABA5AB2157E}.Release|x86.ActiveCfg = Release|Any CPU
		{32DB861F-C470-45F4-B7B7-2ABA5AB2157E}.Release|x86.Build.0 = Release|Any CPU
	EndGlobalSection
	GlobalSection(SolutionProperties) = preSolution
		HideSolutionNode = FALSE
	EndGlobalSection
	GlobalSection(NestedProjects) = preSolution
		{F2039A6C-A7BF-4942-94D3-1E1E3F944CD8} = {827E0CD3-B72D-47B6-A68D-7590B98EB39B}
		{EC447DCF-ABFA-6E24-52A5-D7FD48A5C558} = {827E0CD3-B72D-47B6-A68D-7590B98EB39B}
		{1355627B-58A7-4B5E-AD3D-D8B01ADDDDD1} = {EC447DCF-ABFA-6E24-52A5-D7FD48A5C558}
		{AC034480-1556-4C3C-B358-65C80A310DDA} = {EC447DCF-ABFA-6E24-52A5-D7FD48A5C558}
		{29F40716-E710-4B2F-81A5-9CFA1FAA1E26} = {EC447DCF-ABFA-6E24-52A5-D7FD48A5C558}
		{DE83B6FB-2C3D-4694-9F0F-24EA88452750} = {EC447DCF-ABFA-6E24-52A5-D7FD48A5C558}
		{AEEFF61D-E15A-4696-BC69-CCD569E83036} = {EC447DCF-ABFA-6E24-52A5-D7FD48A5C558}
		{4C597D2A-FDDD-4633-90A9-7BAB30E75032} = {EC447DCF-ABFA-6E24-52A5-D7FD48A5C558}
		{1F8B9D08-3EA7-4AAC-977C-E68DEAEB501F} = {827E0CD3-B72D-47B6-A68D-7590B98EB39B}
		{9D556B49-86D1-93A7-9596-FFAAB74EC556} = {0AB3BF05-4346-4AA6-1389-037BE0695223}
		{F871D696-7A8F-40D4-A50D-6A331673A882} = {9D556B49-86D1-93A7-9596-FFAAB74EC556}
		{28A6993C-471E-82FE-7D9E-AD3B1EC22BD9} = {0AB3BF05-4346-4AA6-1389-037BE0695223}
		{32DB861F-C470-45F4-B7B7-2ABA5AB2157E} = {28A6993C-471E-82FE-7D9E-AD3B1EC22BD9}
	EndGlobalSection
	GlobalSection(ExtensibilityGlobals) = postSolution
		SolutionGuid = {7CB59798-6636-4DB2-9E3D-53B70E0DC223}
	EndGlobalSection
EndGlobal
